
Microsoft Visual Studio Solution File, Format Version 12.00
# Visual Studio 14
VisualStudioVersion = 14.0.25123.0
MinimumVisualStudioVersion = 10.0.40219.1
Project("{2150E333-8FDC-42A3-9474-1A3956D46DE8}") = "src", "src", "{D5632EDF-2E23-4538-BB04-10E3B38C58CE}"
EndProject
Project("{2150E333-8FDC-42A3-9474-1A3956D46DE8}") = "Solution Items", "Solution Items", "{2DD722F0-AA3D-4386-95D8-D9855ED39E3C}"
	ProjectSection(SolutionItems) = preProject
		global.json = global.json
	EndProjectSection
EndProject
Project("{8BB2217D-0F2D-49D1-97BC-3654ED321F3B}") = "WebDemos", "src\WebDemos\WebDemos.xproj", "{1FCC931A-1FDA-44E2-A462-CE59984CAA95}"
EndProject
Project("{2150E333-8FDC-42A3-9474-1A3956D46DE8}") = "Scripts", "Scripts", "{6A618717-65EC-4CD4-8834-203A5828755F}"
	ProjectSection(SolutionItems) = preProject
		commands.json = commands.json
		postbuild.ps1 = postbuild.ps1
		prebuild.bat = prebuild.bat
	EndProjectSection
EndProject
Global
	GlobalSection(SolutionConfigurationPlatforms) = preSolution
		Debug|Any CPU = Debug|Any CPU
		Release|Any CPU = Release|Any CPU
	EndGlobalSection
	GlobalSection(ProjectConfigurationPlatforms) = postSolution
		{1FCC931A-1FDA-44E2-A462-CE59984CAA95}.Debug|Any CPU.ActiveCfg = Debug|Any CPU
		{1FCC931A-1FDA-44E2-A462-CE59984CAA95}.Debug|Any CPU.Build.0 = Debug|Any CPU
		{1FCC931A-1FDA-44E2-A462-CE59984CAA95}.Release|Any CPU.ActiveCfg = Release|Any CPU
		{1FCC931A-1FDA-44E2-A462-CE59984CAA95}.Release|Any CPU.Build.0 = Release|Any CPU
	EndGlobalSection
	GlobalSection(SolutionProperties) = preSolution
		HideSolutionNode = FALSE
	EndGlobalSection
	GlobalSection(NestedProjects) = preSolution
		{1FCC931A-1FDA-44E2-A462-CE59984CAA95} = {D5632EDF-2E23-4538-BB04-10E3B38C58CE}
		{6A618717-65EC-4CD4-8834-203A5828755F} = {2DD722F0-AA3D-4386-95D8-D9855ED39E3C}
	EndGlobalSection
EndGlobal
