
Microsoft Visual Studio Solution File, Format Version 12.00
# Visual Studio 14
VisualStudioVersion = 14.0.25123.0
MinimumVisualStudioVersion = 10.0.40219.1
Project("{FAE04EC0-301F-11D3-BF4B-00C04F79EFBC}") = "1_DeveloperProductivity", "1_DeveloperProductivity\1_DeveloperProductivity.csproj", "{8867A2C4-1AA9-4C32-AD2D-8888B545FFFD}"
EndProject
Project("{FAE04EC0-301F-11D3-BF4B-00C04F79EFBC}") = "1_DeveloperProductivity.UnitTests", "1_DeveloperProductivity.UnitTests\1_DeveloperProductivity.UnitTests.csproj", "{064CEFD2-C6B2-48BA-9622-CA946DBDD384}"
EndProject
Global
	GlobalSection(SolutionConfigurationPlatforms) = preSolution
		Debug|Any CPU = Debug|Any CPU
		Release|Any CPU = Release|Any CPU
	EndGlobalSection
	GlobalSection(ProjectConfigurationPlatforms) = postSolution
		{8867A2C4-1AA9-4C32-AD2D-8888B545FFFD}.Debug|Any CPU.ActiveCfg = Debug|Any CPU
		{8867A2C4-1AA9-4C32-AD2D-8888B545FFFD}.Debug|Any CPU.Build.0 = Debug|Any CPU
		{8867A2C4-1AA9-4C32-AD2D-8888B545FFFD}.Release|Any CPU.ActiveCfg = Release|Any CPU
		{8867A2C4-1AA9-4C32-AD2D-8888B545FFFD}.Release|Any CPU.Build.0 = Release|Any CPU
		{064CEFD2-C6B2-48BA-9622-CA946DBDD384}.Debug|Any CPU.ActiveCfg = Debug|Any CPU
		{064CEFD2-C6B2-48BA-9622-CA946DBDD384}.Debug|Any CPU.Build.0 = Debug|Any CPU
		{064CEFD2-C6B2-48BA-9622-CA946DBDD384}.Release|Any CPU.ActiveCfg = Release|Any CPU
		{064CEFD2-C6B2-48BA-9622-CA946DBDD384}.Release|Any CPU.Build.0 = Release|Any CPU
	EndGlobalSection
	GlobalSection(SolutionProperties) = preSolution
		HideSolutionNode = FALSE
	EndGlobalSection
EndGlobal
